
Microsoft Visual Studio Solution File, Format Version 12.00
# Visual Studio Version 16
VisualStudioVersion = 16.0.30517.126
MinimumVisualStudioVersion = 10.0.40219.1
Project("{9A19103F-16F7-4668-BE54-9A1E7A4F7556}") = "Personal.Webapi", "Personal.Webapi\Personal.Webapi.csproj", "{9080272A-38E4-408A-B4CE-F6982C544541}"
EndProject
Project("{FAE04EC0-301F-11D3-BF4B-00C04F79EFBC}") = "PersonalCoreWeb", "PersonalCoreWeb\PersonalCoreWeb.csproj", "{78F6495D-6D00-4EE1-8274-E043A26072C1}"
EndProject
Global
	GlobalSection(SolutionConfigurationPlatforms) = preSolution
		Debug|Any CPU = Debug|Any CPU
		Release|Any CPU = Release|Any CPU
	EndGlobalSection
	GlobalSection(ProjectConfigurationPlatforms) = postSolution
		{9080272A-38E4-408A-B4CE-F6982C544541}.Debug|Any CPU.ActiveCfg = Debug|Any CPU
		{9080272A-38E4-408A-B4CE-F6982C544541}.Debug|Any CPU.Build.0 = Debug|Any CPU
		{9080272A-38E4-408A-B4CE-F6982C544541}.Release|Any CPU.ActiveCfg = Release|Any CPU
		{9080272A-38E4-408A-B4CE-F6982C544541}.Release|Any CPU.Build.0 = Release|Any CPU
		{78F6495D-6D00-4EE1-8274-E043A26072C1}.Debug|Any CPU.ActiveCfg = Debug|Any CPU
		{78F6495D-6D00-4EE1-8274-E043A26072C1}.Debug|Any CPU.Build.0 = Debug|Any CPU
		{78F6495D-6D00-4EE1-8274-E043A26072C1}.Release|Any CPU.ActiveCfg = Release|Any CPU
		{78F6495D-6D00-4EE1-8274-E043A26072C1}.Release|Any CPU.Build.0 = Release|Any CPU
	EndGlobalSection
	GlobalSection(SolutionProperties) = preSolution
		HideSolutionNode = FALSE
	EndGlobalSection
	GlobalSection(ExtensibilityGlobals) = postSolution
		SolutionGuid = {B93DCCF7-BC44-4D8F-9B36-144115FDCFA5}
	EndGlobalSection
EndGlobal
